PODS:
  - CHIPageControl/Jaloro (0.2)
  - CocoaLumberjack/Core (3.7.4)
  - CocoaLumberjack/Swift (3.7.4):
    - CocoaLumberjack/Core
  - DeviceGuru (10.0.0):
    - DeviceGuru/DeviceGuru (= 10.0.0)
  - DeviceGuru/DeviceGuru (10.0.0):
    - DeviceGuru/Resources
  - DeviceGuru/Resources (10.0.0)
  - FaceCamFW (1.0.4)
  - Firebase/Analytics (9.6.0):
    - Firebase/Core
  - Firebase/Core (9.6.0):
    - Firebase/CoreOnly
    - FirebaseAnalytics (~> 9.6.0)
  - Firebase/CoreOnly (9.6.0):
    - FirebaseCore (= 9.6.0)
  - Firebase/Crashlytics (9.6.0):
    - Firebase/CoreOnly
    - FirebaseCrashlytics (~> 9.6.0)
  - Firebase/RemoteConfig (9.6.0):
    - Firebase/CoreOnly
    - FirebaseRemoteConfig (~> 9.6.0)
  - FirebaseABTesting (9.6.0):
    - FirebaseCore (~> 9.0)
  - FirebaseAnalytics (9.6.0):
    - FirebaseAnalytics/AdIdSupport (= 9.6.0)
    - FirebaseCore (~> 9.0)
    - FirebaseInstallations (~> 9.0)
    - GoogleUtilities/AppDelegateSwizzler (~> 7.7)
    - GoogleUtilities/MethodSwizzler (~> 7.7)
    - GoogleUtilities/Network (~> 7.7)
    - "GoogleUtilities/NSData+zlib (~> 7.7)"
    - nanopb (< 2.30910.0, >= 2.30908.0)
  - FirebaseAnalytics/AdIdSupport (9.6.0):
    - FirebaseCore (~> 9.0)
    - FirebaseInstallations (~> 9.0)
    - GoogleAppMeasurement (= 9.6.0)
    - GoogleUtilities/AppDelegateSwizzler (~> 7.7)
    - GoogleUtilities/MethodSwizzler (~> 7.7)
    - GoogleUtilities/Network (~> 7.7)
    - "GoogleUtilities/NSData+zlib (~> 7.7)"
    - nanopb (< 2.30910.0, >= 2.30908.0)
  - FirebaseCore (9.6.0):
    - FirebaseCoreDiagnostics (~> 9.0)
    - FirebaseCoreInternal (~> 9.0)
    - GoogleUtilities/Environment (~> 7.7)
    - GoogleUtilities/Logger (~> 7.7)
  - FirebaseCoreDiagnostics (9.6.0):
    - GoogleDataTransport (< 10.0.0, >= 9.1.4)
    - GoogleUtilities/Environment (~> 7.7)
    - GoogleUtilities/Logger (~> 7.7)
    - nanopb (< 2.30910.0, >= 2.30908.0)
  - FirebaseCoreInternal (9.6.0):
    - "GoogleUtilities/NSData+zlib (~> 7.7)"
  - FirebaseCrashlytics (9.6.0):
    - FirebaseCore (~> 9.0)
    - FirebaseInstallations (~> 9.0)
    - GoogleDataTransport (< 10.0.0, >= 9.1.4)
    - GoogleUtilities/Environment (~> 7.7)
    - nanopb (< 2.30910.0, >= 2.30908.0)
    - PromisesObjC (~> 2.1)
  - FirebaseInstallations (9.6.0):
    - FirebaseCore (~> 9.0)
    - GoogleUtilities/Environment (~> 7.7)
    - GoogleUtilities/UserDefaults (~> 7.7)
    - PromisesObjC (~> 2.1)
  - FirebaseRemoteConfig (9.6.0):
    - FirebaseABTesting (~> 9.0)
    - FirebaseCore (~> 9.0)
    - FirebaseInstallations (~> 9.0)
    - GoogleUtilities/Environment (~> 7.7)
    - "GoogleUtilities/NSData+zlib (~> 7.7)"
  - GoogleAppMeasurement (9.6.0):
    - GoogleAppMeasurement/AdIdSupport (= 9.6.0)
    - GoogleUtilities/AppDelegateSwizzler (~> 7.7)
    - GoogleUtilities/MethodSwizzler (~> 7.7)
    - GoogleUtilities/Network (~> 7.7)
    - "GoogleUtilities/NSData+zlib (~> 7.7)"
    - nanopb (< 2.30910.0, >= 2.30908.0)
  - GoogleAppMeasurement/AdIdSupport (9.6.0):
    - GoogleAppMeasurement/WithoutAdIdSupport (= 9.6.0)
    - GoogleUtilities/AppDelegateSwizzler (~> 7.7)
    - GoogleUtilities/MethodSwizzler (~> 7.7)
    - GoogleUtilities/Network (~> 7.7)
    - "GoogleUtilities/NSData+zlib (~> 7.7)"
    - nanopb (< 2.30910.0, >= 2.30908.0)
  - GoogleAppMeasurement/WithoutAdIdSupport (9.6.0):
    - GoogleUtilities/AppDelegateSwizzler (~> 7.7)
    - GoogleUtilities/MethodSwizzler (~> 7.7)
    - GoogleUtilities/Network (~> 7.7)
    - "GoogleUtilities/NSData+zlib (~> 7.7)"
    - nanopb (< 2.30910.0, >= 2.30908.0)
  - GoogleDataTransport (9.2.0):
    - GoogleUtilities/Environment (~> 7.7)
    - nanopb (< 2.30910.0, >= 2.30908.0)
    - PromisesObjC (< 3.0, >= 1.2)
  - GoogleUtilities/AppDelegateSwizzler (7.8.0):
    - GoogleUtilities/Environment
    - GoogleUtilities/Logger
    - GoogleUtilities/Network
  - GoogleUtilities/Environment (7.8.0):
    - PromisesObjC (< 3.0, >= 1.2)
  - GoogleUtilities/Logger (7.8.0):
    - GoogleUtilities/Environment
  - GoogleUtilities/MethodSwizzler (7.8.0):
    - GoogleUtilities/Logger
  - GoogleUtilities/Network (7.8.0):
    - GoogleUtilities/Logger
    - "GoogleUtilities/NSData+zlib"
    - GoogleUtilities/Reachability
  - "GoogleUtilities/NSData+zlib (7.8.0)"
  - GoogleUtilities/Reachability (7.8.0):
    - GoogleUtilities/Logger
  - GoogleUtilities/UserDefaults (7.8.0):
    - GoogleUtilities/Logger
  - HaishinKit (1.2.7):
    - Logboard (~> 2.2.2)
  - Logboard (2.2.4)
  - MBProgressHUD (1.2.0)
  - nanopb (2.30909.0):
    - nanopb/decode (= 2.30909.0)
    - nanopb/encode (= 2.30909.0)
  - nanopb/decode (2.30909.0)
  - nanopb/encode (2.30909.0)
  - PixelSDK (11.3.2):
    - PixelSDK-GPUImage3 (~> 3.0)
  - PixelSDK-GPUImage3 (3.1.3)
  - PromisesObjC (2.1.1)
  - SVProgressHUD (2.2.5)
  - SwiftLog (1.0.0)
  - SwiftMessages (9.0.6):
    - SwiftMessages/App (= 9.0.6)
  - SwiftMessages/App (9.0.6)
  - SwiftOverlays (5.0.1)
  - SwiftyStoreKit (0.16.1)
  - Toaster (2.3.0)

DEPENDENCIES:
  - CHIPageControl/Jaloro
  - CocoaLumberjack/Swift
  - DeviceGuru
  - FaceCamFW
  - Firebase/Analytics
  - Firebase/Crashlytics
  - Firebase/RemoteConfig
  - HaishinKit (~> 1.2.7)
  - MBProgressHUD
  - PixelSDK
  - SVProgressHUD
  - SwiftLog
  - SwiftMessages
  - SwiftOverlays (~> 5.0.0)
  - SwiftyStoreKit
  - Toaster

SPEC REPOS:
  trunk:
    - CHIPageControl
    - CocoaLumberjack
    - DeviceGuru
    - FaceCamFW
    - Firebase
    - FirebaseABTesting
    - FirebaseAnalytics
    - FirebaseCore
    - FirebaseCoreDiagnostics
    - FirebaseCoreInternal
    - FirebaseCrashlytics
    - FirebaseInstallations
    - FirebaseRemoteConfig
    - GoogleAppMeasurement
    - GoogleDataTransport
    - GoogleUtilities
    - HaishinKit
    - Logboard
    - MBProgressHUD
    - nanopb
    - PixelSDK
    - PixelSDK-GPUImage3
    - PromisesObjC
    - SVProgressHUD
    - SwiftLog
    - SwiftMessages
    - SwiftOverlays
    - SwiftyStoreKit
    - Toaster

SPEC CHECKSUMS:
  CHIPageControl: a787bf7205c9b7e7fbfc412be36c5e8636b68f86
  CocoaLumberjack: 543c79c114dadc3b1aba95641d8738b06b05b646
  DeviceGuru: 9131953eb8ba943ff7bdd3bc97428c084cd479be
  FaceCamFW: cd4a62cc5385bbb723cbb0945e162dba219a5722
  Firebase: 5ae8b7cf8efce559a653aef0ad95bab3f427c351
  FirebaseABTesting: 61826730ce9eee8781ba99a2b3420e9bce148dc9
  FirebaseAnalytics: 89ad762c6c3852a685794174757e2c60a36b6a82
  FirebaseCore: 2082fffcd855f95f883c0a1641133eb9bbe76d40
  FirebaseCoreDiagnostics: 99a495094b10a57eeb3ae8efa1665700ad0bdaa6
  FirebaseCoreInternal: bca76517fe1ed381e989f5e7d8abb0da8d85bed3
  FirebaseCrashlytics: 3210572ddb77801e5a0bd9d7bc890769f2066a0c
  FirebaseInstallations: 0a115432c4e223c5ab20b0dbbe4cbefa793a0e8e
  FirebaseRemoteConfig: ee09d77a7d7c7e31da6a0d1cf956cd611c85609c
  GoogleAppMeasurement: 6de2b1a69e4326eb82ee05d138f6a5cb7311bcb1
  GoogleDataTransport: 1c8145da7117bd68bbbed00cf304edb6a24de00f
  GoogleUtilities: 1d20a6ad97ef46f67bbdec158ce00563a671ebb7
  HaishinKit: 5463efd52fa4de2018db95547a5b09ce50495444
  Logboard: 660364cbd45aa42fd79637f0cdfba3c950c613d8
  MBProgressHUD: 3ee5efcc380f6a79a7cc9b363dd669c5e1ae7406
  nanopb: b552cce312b6c8484180ef47159bc0f65a1f0431
  PixelSDK: 420b25af577c378acf2d96fb139cf5e7d409d576
  PixelSDK-GPUImage3: 56b8688866b9d866e995c889e1072357b1610de0
  PromisesObjC: ab77feca74fa2823e7af4249b8326368e61014cb
  SVProgressHUD: 1428aafac632c1f86f62aa4243ec12008d7a51d6
  SwiftLog: f6c4f9a4ade06263555ab34b2c0f72025ffcda9e
  SwiftMessages: f0c7ef4705a570ad6c5e208b611f4333e660ed92
  SwiftOverlays: ab459ea9194b0e96aaccaa00e9ead1bf6d46eef1
  SwiftyStoreKit: 6b9c08810269f030586dac1fae8e75871a82e84a
  Toaster: c3473963c78e8cabbf6ea6f11ad0fdaae6f54987

PODFILE CHECKSUM: 086ab65dba8406a1148422d080f94290306defeb

COCOAPODS: 1.11.3
